// !$*UTF8*$!
{
	archiveVersion = 1;
	classes = {
	};
	objectVersion = 50;
	objects = {

/* Begin PBXBuildFile section */
		602EB0AA205AE41200AA1DB3 /* AppDelegate.swift in Sources */ = {isa = PBXBuildFile; fileRef = 602EB0A9205AE41200AA1DB3 /* AppDelegate.swift */; };
		602EB0AC205AE41200AA1DB3 /* art.scnassets in Resources */ = {isa = PBXBuildFile; fileRef = 602EB0AB205AE41200AA1DB3 /* art.scnassets */; };
		602EB0AE205AE41200AA1DB3 /* ViewController.swift in Sources */ = {isa = PBXBuildFile; fileRef = 602EB0AD205AE41200AA1DB3 /* ViewController.swift */; };
		602EB0B1205AE41200AA1DB3 /* Main.storyboard in Resources */ = {isa = PBXBuildFile; fileRef = 602EB0AF205AE41200AA1DB3 /* Main.storyboard */; };
		602EB0B3205AE41300AA1DB3 /* Assets.xcassets in Resources */ = {isa = PBXBuildFile; fileRef = 602EB0B2205AE41300AA1DB3 /* Assets.xcassets */; };
		602EB0B6205AE41300AA1DB3 /* LaunchScreen.storyboard in Resources */ = {isa = PBXBuildFile; fileRef = 602EB0B4205AE41300AA1DB3 /* LaunchScreen.storyboard */; };
		602EB0C1205AE41300AA1DB3 /* ARKeepTests.swift in Sources */ = {isa = PBXBuildFile; fileRef = 602EB0C0205AE41300AA1DB3 /* ARKeepTests.swift */; };
		602EB0CC205AE41400AA1DB3 /* ARKeepUITests.swift in Sources */ = {isa = PBXBuildFile; fileRef = 602EB0CB205AE41400AA1DB3 /* ARKeepUITests.swift */; };
/* End PBXBuildFile section */

/* Begin PBXContainerItemProxy section */
		602EB0BD205AE41300AA1DB3 /* PBXContainerItemProxy */ = {
			isa = PBXContainerItemProxy;
			containerPortal = 602EB09E205AE41200AA1DB3 /* Project object */;
			proxyType = 1;
			remoteGlobalIDString = 602EB0A5205AE41200AA1DB3;
			remoteInfo = ARKeep;
		};
		602EB0C8205AE41400AA1DB3 /* PBXContainerItemProxy */ = {
			isa = PBXContainerItemProxy;
			containerPortal = 602EB09E205AE41200AA1DB3 /* Project object */;
			proxyType = 1;
			remoteGlobalIDString = 602EB0A5205AE41200AA1DB3;
			remoteInfo = ARKeep;
		};
/* End PBXContainerItemProxy section */

/* Begin PBXFileReference section */
		602EB0A6205AE41200AA1DB3 /* ARKeep.app */ = {isa = PBXFileReference; explicitFileType = wrapper.application; includeInIndex = 0; path = ARKeep.app; sourceTree = BUILT_PRODUCTS_DIR; };
		602EB0A9205AE41200AA1DB3 /* AppDelegate.swift */ = {isa = PBXFileReference; lastKnownFileType = sourcecode.swift; path = AppDelegate.swift; sourceTree = "<group>"; };
		602EB0AB205AE41200AA1DB3 /* art.scnassets */ = {isa = PBXFileReference; lastKnownFileType = wrapper.scnassets; path = art.scnassets; sourceTree = "<group>"; };
		602EB0AD205AE41200AA1DB3 /* ViewController.swift */ = {isa = PBXFileReference; lastKnownFileType = sourcecode.swift; path = ViewController.swift; sourceTree = "<group>"; };
		602EB0B0205AE41200AA1DB3 /* Base */ = {isa = PBXFileReference; lastKnownFileType = file.storyboard; name = Base; path = Base.lproj/Main.storyboard; sourceTree = "<group>"; };
		602EB0B2205AE41300AA1DB3 /* Assets.xcassets */ = {isa = PBXFileReference; lastKnownFileType = folder.assetcatalog; path = Assets.xcassets; sourceTree = "<group>"; };
		602EB0B5205AE41300AA1DB3 /* Base */ = {isa = PBXFileReference; lastKnownFileType = file.storyboard; name = Base; path = Base.lproj/LaunchScreen.storyboard; sourceTree = "<group>"; };
		602EB0B7205AE41300AA1DB3 /* Info.plist */ = {isa = PBXFileReference; lastKnownFileType = text.plist.xml; path = Info.plist; sourceTree = "<group>"; };
		602EB0BC205AE41300AA1DB3 /* ARKeepTests.xctest */ = {isa = PBXFileReference; explicitFileType = wrapper.cfbundle; includeInIndex = 0; path = ARKeepTests.xctest; sourceTree = BUILT_PRODUCTS_DIR; };
		602EB0C0205AE41300AA1DB3 /* ARKeepTests.swift */ = {isa = PBXFileReference; lastKnownFileType = sourcecode.swift; path = ARKeepTests.swift; sourceTree = "<group>"; };
		602EB0C2205AE41400AA1DB3 /* Info.plist */ = {isa = PBXFileReference; lastKnownFileType = text.plist.xml; path = Info.plist; sourceTree = "<group>"; };
		602EB0C7205AE41400AA1DB3 /* ARKeepUITests.xctest */ = {isa = PBXFileReference; explicitFileType = wrapper.cfbundle; includeInIndex = 0; path = ARKeepUITests.xctest; sourceTree = BUILT_PRODUCTS_DIR; };
		602EB0CB205AE41400AA1DB3 /* ARKeepUITests.swift */ = {isa = PBXFileReference; lastKnownFileType = sourcecode.swift; path = ARKeepUITests.swift; sourceTree = "<group>"; };
		602EB0CD205AE41400AA1DB3 /* Info.plist */ = {isa = PBXFileReference; lastKnownFileType = text.plist.xml; path = Info.plist; sourceTree = "<group>"; };
/* End PBXFileReference section */

/* Begin PBXFrameworksBuildPhase section */
		602EB0A3205AE41200AA1DB3 /* Frameworks */ = {
			isa = PBXFrameworksBuildPhase;
			buildActionMask = 2147483647;
			files = (
			);
			runOnlyForDeploymentPostprocessing = 0;
		};
		602EB0B9205AE41300AA1DB3 /* Frameworks */ = {
			isa = PBXFrameworksBuildPhase;
			buildActionMask = 2147483647;
			files = (
			);
			runOnlyForDeploymentPostprocessing = 0;
		};
		602EB0C4205AE41400AA1DB3 /* Frameworks */ = {
			isa = PBXFrameworksBuildPhase;
			buildActionMask = 2147483647;
			files = (
			);
			runOnlyForDeploymentPostprocessing = 0;
		};
/* End PBXFrameworksBuildPhase section */

/* Begin PBXGroup section */
		602EB09D205AE41200AA1DB3 = {
			isa = PBXGroup;
			children = (
				602EB0A8205AE41200AA1DB3 /* ARKeep */,
				602EB0BF205AE41300AA1DB3 /* ARKeepTests */,
				602EB0CA205AE41400AA1DB3 /* ARKeepUITests */,
				602EB0A7205AE41200AA1DB3 /* Products */,
			);
			sourceTree = "<group>";
		};
		602EB0A7205AE41200AA1DB3 /* Products */ = {
			isa = PBXGroup;
			children = (
				602EB0A6205AE41200AA1DB3 /* ARKeep.app */,
				602EB0BC205AE41300AA1DB3 /* ARKeepTests.xctest */,
				602EB0C7205AE41400AA1DB3 /* ARKeepUITests.xctest */,
			);
			name = Products;
			sourceTree = "<group>";
		};
		602EB0A8205AE41200AA1DB3 /* ARKeep */ = {
			isa = PBXGroup;
			children = (
				602EB0A9205AE41200AA1DB3 /* AppDelegate.swift */,
				602EB0AB205AE41200AA1DB3 /* art.scnassets */,
				602EB0AD205AE41200AA1DB3 /* ViewController.swift */,
				602EB0AF205AE41200AA1DB3 /* Main.storyboard */,
				602EB0B2205AE41300AA1DB3 /* Assets.xcassets */,
				602EB0B4205AE41300AA1DB3 /* LaunchScreen.storyboard */,
				602EB0B7205AE41300AA1DB3 /* Info.plist */,
			);
			path = ARKeep;
			sourceTree = "<group>";
		};
		602EB0BF205AE41300AA1DB3 /* ARKeepTests */ = {
			isa = PBXGroup;
			children = (
				602EB0C0205AE41300AA1DB3 /* ARKeepTests.swift */,
				602EB0C2205AE41400AA1DB3 /* Info.plist */,
			);
			path = ARKeepTests;
			sourceTree = "<group>";
		};
		602EB0CA205AE41400AA1DB3 /* ARKeepUITests */ = {
			isa = PBXGroup;
			children = (
				602EB0CB205AE41400AA1DB3 /* ARKeepUITests.swift */,
				602EB0CD205AE41400AA1DB3 /* Info.plist */,
			);
			path = ARKeepUITests;
			sourceTree = "<group>";
		};
/* End PBXGroup section */

/* Begin PBXNativeTarget section */
		602EB0A5205AE41200AA1DB3 /* ARKeep */ = {
			isa = PBXNativeTarget;
			buildConfigurationList = 602EB0D0205AE41400AA1DB3 /* Build configuration list for PBXNativeTarget "ARKeep" */;
			buildPhases = (
				602EB0A2205AE41200AA1DB3 /* Sources */,
				602EB0A3205AE41200AA1DB3 /* Frameworks */,
				602EB0A4205AE41200AA1DB3 /* Resources */,
			);
			buildRules = (
			);
			dependencies = (
			);
			name = ARKeep;
			productName = ARKeep;
			productReference = 602EB0A6205AE41200AA1DB3 /* ARKeep.app */;
			productType = "com.apple.product-type.application";
		};
		602EB0BB205AE41300AA1DB3 /* ARKeepTests */ = {
			isa = PBXNativeTarget;
			buildConfigurationList = 602EB0D3205AE41400AA1DB3 /* Build configuration list for PBXNativeTarget "ARKeepTests" */;
			buildPhases = (
				602EB0B8205AE41300AA1DB3 /* Sources */,
				602EB0B9205AE41300AA1DB3 /* Frameworks */,
				602EB0BA205AE41300AA1DB3 /* Resources */,
			);
			buildRules = (
			);
			dependencies = (
				602EB0BE205AE41300AA1DB3 /* PBXTargetDependency */,
			);
			name = ARKeepTests;
			productName = ARKeepTests;
			productReference = 602EB0BC205AE41300AA1DB3 /* ARKeepTests.xctest */;
			productType = "com.apple.product-type.bundle.unit-test";
		};
		602EB0C6205AE41400AA1DB3 /* ARKeepUITests */ = {
			isa = PBXNativeTarget;
			buildConfigurationList = 602EB0D6205AE41400AA1DB3 /* Build configuration list for PBXNativeTarget "ARKeepUITests" */;
			buildPhases = (
				602EB0C3205AE41400AA1DB3 /* Sources */,
				602EB0C4205AE41400AA1DB3 /* Frameworks */,
				602EB0C5205AE41400AA1DB3 /* Resources */,
			);
			buildRules = (
			);
			dependencies = (
				602EB0C9205AE41400AA1DB3 /* PBXTargetDependency */,
			);
			name = ARKeepUITests;
			productName = ARKeepUITests;
			productReference = 602EB0C7205AE41400AA1DB3 /* ARKeepUITests.xctest */;
			productType = "com.apple.product-type.bundle.ui-testing";
		};
/* End PBXNativeTarget section */

/* Begin PBXProject section */
		602EB09E205AE41200AA1DB3 /* Project object */ = {
			isa = PBXProject;
			attributes = {
				LastSwiftUpdateCheck = 0930;
				LastUpgradeCheck = 0930;
				ORGANIZATIONNAME = Shopkeep;
				TargetAttributes = {
					602EB0A5205AE41200AA1DB3 = {
						CreatedOnToolsVersion = 9.3;
					};
					602EB0BB205AE41300AA1DB3 = {
						CreatedOnToolsVersion = 9.3;
						TestTargetID = 602EB0A5205AE41200AA1DB3;
					};
					602EB0C6205AE41400AA1DB3 = {
						CreatedOnToolsVersion = 9.3;
						TestTargetID = 602EB0A5205AE41200AA1DB3;
					};
				};
			};
			buildConfigurationList = 602EB0A1205AE41200AA1DB3 /* Build configuration list for PBXProject "ARKeep" */;
			compatibilityVersion = "Xcode 9.3";
			developmentRegion = en;
			hasScannedForEncodings = 0;
			knownRegions = (
				en,
				Base,
			);
			mainGroup = 602EB09D205AE41200AA1DB3;
			productRefGroup = 602EB0A7205AE41200AA1DB3 /* Products */;
			projectDirPath = "";
			projectRoot = "";
			targets = (
				602EB0A5205AE41200AA1DB3 /* ARKeep */,
				602EB0BB205AE41300AA1DB3 /* ARKeepTests */,
				602EB0C6205AE41400AA1DB3 /* ARKeepUITests */,
			);
		};
/* End PBXProject section */

/* Begin PBXResourcesBuildPhase section */
		602EB0A4205AE41200AA1DB3 /* Resources */ = {
			isa = PBXResourcesBuildPhase;
			buildActionMask = 2147483647;
			files = (
				602EB0AC205AE41200AA1DB3 /* art.scnassets in Resources */,
				602EB0B6205AE41300AA1DB3 /* LaunchScreen.storyboard in Resources */,
				602EB0B3205AE41300AA1DB3 /* Assets.xcassets in Resources */,
				602EB0B1205AE41200AA1DB3 /* Main.storyboard in Resources */,
			);
			runOnlyForDeploymentPostprocessing = 0;
		};
		602EB0BA205AE41300AA1DB3 /* Resources */ = {
			isa = PBXResourcesBuildPhase;
			buildActionMask = 2147483647;
			files = (
			);
			runOnlyForDeploymentPostprocessing = 0;
		};
		602EB0C5205AE41400AA1DB3 /* Resources */ = {
			isa = PBXResourcesBuildPhase;
			buildActionMask = 2147483647;
			files = (
			);
			runOnlyForDeploymentPostprocessing = 0;
		};
/* End PBXResourcesBuildPhase section */

/* Begin PBXSourcesBuildPhase section */
		602EB0A2205AE41200AA1DB3 /* Sources */ = {
			isa = PBXSourcesBuildPhase;
			buildActionMask = 2147483647;
			files = (
				602EB0AE205AE41200AA1DB3 /* ViewController.swift in Sources */,
				602EB0AA205AE41200AA1DB3 /* AppDelegate.swift in Sources */,
			);
			runOnlyForDeploymentPostprocessing = 0;
		};
		602EB0B8205AE41300AA1DB3 /* Sources */ = {
			isa = PBXSourcesBuildPhase;
			buildActionMask = 2147483647;
			files = (
				602EB0C1205AE41300AA1DB3 /* ARKeepTests.swift in Sources */,
			);
			runOnlyForDeploymentPostprocessing = 0;
		};
		602EB0C3205AE41400AA1DB3 /* Sources */ = {
			isa = PBXSourcesBuildPhase;
			buildActionMask = 2147483647;
			files = (
				602EB0CC205AE41400AA1DB3 /* ARKeepUITests.swift in Sources */,
			);
			runOnlyForDeploymentPostprocessing = 0;
		};
/* End PBXSourcesBuildPhase section */

/* Begin PBXTargetDependency section */
		602EB0BE205AE41300AA1DB3 /* PBXTargetDependency */ = {
			isa = PBXTargetDependency;
			target = 602EB0A5205AE41200AA1DB3 /* ARKeep */;
			targetProxy = 602EB0BD205AE41300AA1DB3 /* PBXContainerItemProxy */;
		};
		602EB0C9205AE41400AA1DB3 /* PBXTargetDependency */ = {
			isa = PBXTargetDependency;
			target = 602EB0A5205AE41200AA1DB3 /* ARKeep */;
			targetProxy = 602EB0C8205AE41400AA1DB3 /* PBXContainerItemProxy */;
		};
/* End PBXTargetDependency section */

/* Begin PBXVariantGroup section */
		602EB0AF205AE41200AA1DB3 /* Main.storyboard */ = {
			isa = PBXVariantGroup;
			children = (
				602EB0B0205AE41200AA1DB3 /* Base */,
			);
			name = Main.storyboard;
			sourceTree = "<group>";
		};
		602EB0B4205AE41300AA1DB3 /* LaunchScreen.storyboard */ = {
			isa = PBXVariantGroup;
			children = (
				602EB0B5205AE41300AA1DB3 /* Base */,
			);
			name = LaunchScreen.storyboard;
			sourceTree = "<group>";
		};
/* End PBXVariantGroup section */

/* Begin XCBuildConfiguration section */
		602EB0CE205AE41400AA1DB3 /* Debug */ = {
			isa = XCBuildConfiguration;
			buildSettings = {
				ALWAYS_SEARCH_USER_PATHS = NO;
				CLANG_ANALYZER_NONNULL = YES;
				CLANG_ANALYZER_NUMBER_OBJECT_CONVERSION = YES_AGGRESSIVE;
				CLANG_CXX_LANGUAGE_STANDARD = "gnu++14";
				CLANG_CXX_LIBRARY = "libc++";
				CLANG_ENABLE_MODULES = YES;
				CLANG_ENABLE_OBJC_ARC = YES;
				CLANG_ENABLE_OBJC_WEAK = YES;
				CLANG_WARN_BLOCK_CAPTURE_AUTORELEASING = YES;
				CLANG_WARN_BOOL_CONVERSION = YES;
				CLANG_WARN_COMMA = YES;
				CLANG_WARN_CONSTANT_CONVERSION = YES;
				CLANG_WARN_DEPRECATED_OBJC_IMPLEMENTATIONS = YES;
				CLANG_WARN_DIRECT_OBJC_ISA_USAGE = YES_ERROR;
				CLANG_WARN_DOCUMENTATION_COMMENTS = YES;
				CLANG_WARN_EMPTY_BODY = YES;
				CLANG_WARN_ENUM_CONVERSION = YES;
				CLANG_WARN_INFINITE_RECURSION = YES;
				CLANG_WARN_INT_CONVERSION = YES;
				CLANG_WARN_NON_LITERAL_NULL_CONVERSION = YES;
				CLANG_WARN_OBJC_IMPLICIT_RETAIN_SELF = YES;
				CLANG_WARN_OBJC_LITERAL_CONVERSION = YES;
				CLANG_WARN_OBJC_ROOT_CLASS = YES_ERROR;
				CLANG_WARN_RANGE_LOOP_ANALYSIS = YES;
				CLANG_WARN_STRICT_PROTOTYPES = YES;
				CLANG_WARN_SUSPICIOUS_MOVE = YES;
				CLANG_WARN_UNGUARDED_AVAILABILITY = YES_AGGRESSIVE;
				CLANG_WARN_UNREACHABLE_CODE = YES;
				CLANG_WARN__DUPLICATE_METHOD_MATCH = YES;
				CODE_SIGN_IDENTITY = "iPhone Developer";
				COPY_PHASE_STRIP = NO;
				DEBUG_INFORMATION_FORMAT = dwarf;
				ENABLE_STRICT_OBJC_MSGSEND = YES;
				ENABLE_TESTABILITY = YES;
				GCC_C_LANGUAGE_STANDARD = gnu11;
				GCC_DYNAMIC_NO_PIC = NO;
				GCC_NO_COMMON_BLOCKS = YES;
				GCC_OPTIMIZATION_LEVEL = 0;
				GCC_PREPROCESSOR_DEFINITIONS = (
					"DEBUG=1",
					"$(inherited)",
				);
				GCC_WARN_64_TO_32_BIT_CONVERSION = YES;
				GCC_WARN_ABOUT_RETURN_TYPE = YES_ERROR;
				GCC_WARN_UNDECLARED_SELECTOR = YES;
				GCC_WARN_UNINITIALIZED_AUTOS = YES_AGGRESSIVE;
				GCC_WARN_UNUSED_FUNCTION = YES;
				GCC_WARN_UNUSED_VARIABLE = YES;
				IPHONEOS_DEPLOYMENT_TARGET = 11.3;
				MTL_ENABLE_DEBUG_INFO = YES;
				ONLY_ACTIVE_ARCH = YES;
				SDKROOT = iphoneos;
				SWIFT_ACTIVE_COMPILATION_CONDITIONS = DEBUG;
				SWIFT_OPTIMIZATION_LEVEL = "-Onone";
			};
			name = Debug;
		};
		602EB0CF205AE41400AA1DB3 /* Release */ = {
			isa = XCBuildConfiguration;
			buildSettings = {
				ALWAYS_SEARCH_USER_PATHS = NO;
				CLANG_ANALYZER_NONNULL = YES;
				CLANG_ANALYZER_NUMBER_OBJECT_CONVERSION = YES_AGGRESSIVE;
				CLANG_CXX_LANGUAGE_STANDARD = "gnu++14";
				CLANG_CXX_LIBRARY = "libc++";
				CLANG_ENABLE_MODULES = YES;
				CLANG_ENABLE_OBJC_ARC = YES;
				CLANG_ENABLE_OBJC_WEAK = YES;
				CLANG_WARN_BLOCK_CAPTURE_AUTORELEASING = YES;
				CLANG_WARN_BOOL_CONVERSION = YES;
				CLANG_WARN_COMMA = YES;
				CLANG_WARN_CONSTANT_CONVERSION = YES;
				CLANG_WARN_DEPRECATED_OBJC_IMPLEMENTATIONS = YES;
				CLANG_WARN_DIRECT_OBJC_ISA_USAGE = YES_ERROR;
				CLANG_WARN_DOCUMENTATION_COMMENTS = YES;
				CLANG_WARN_EMPTY_BODY = YES;
				CLANG_WARN_ENUM_CONVERSION = YES;
				CLANG_WARN_INFINITE_RECURSION = YES;
				CLANG_WARN_INT_CONVERSION = YES;
				CLANG_WARN_NON_LITERAL_NULL_CONVERSION = YES;
				CLANG_WARN_OBJC_IMPLICIT_RETAIN_SELF = YES;
				CLANG_WARN_OBJC_LITERAL_CONVERSION = YES;
				CLANG_WARN_OBJC_ROOT_CLASS = YES_ERROR;
				CLANG_WARN_RANGE_LOOP_ANALYSIS = YES;
				CLANG_WARN_STRICT_PROTOTYPES = YES;
				CLANG_WARN_SUSPICIOUS_MOVE = YES;
				CLANG_WARN_UNGUARDED_AVAILABILITY = YES_AGGRESSIVE;
				CLANG_WARN_UNREACHABLE_CODE = YES;
				CLANG_WARN__DUPLICATE_METHOD_MATCH = YES;
				CODE_SIGN_IDENTITY = "iPhone Developer";
				COPY_PHASE_STRIP = NO;
				DEBUG_INFORMATION_FORMAT = "dwarf-with-dsym";
				ENABLE_NS_ASSERTIONS = NO;
				ENABLE_STRICT_OBJC_MSGSEND = YES;
				GCC_C_LANGUAGE_STANDARD = gnu11;
				GCC_NO_COMMON_BLOCKS = YES;
				GCC_WARN_64_TO_32_BIT_CONVERSION = YES;
				GCC_WARN_ABOUT_RETURN_TYPE = YES_ERROR;
				GCC_WARN_UNDECLARED_SELECTOR = YES;
				GCC_WARN_UNINITIALIZED_AUTOS = YES_AGGRESSIVE;
				GCC_WARN_UNUSED_FUNCTION = YES;
				GCC_WARN_UNUSED_VARIABLE = YES;
				IPHONEOS_DEPLOYMENT_TARGET = 11.3;
				MTL_ENABLE_DEBUG_INFO = NO;
				SDKROOT = iphoneos;
				SWIFT_COMPILATION_MODE = wholemodule;
				SWIFT_OPTIMIZATION_LEVEL = "-O";
				VALIDATE_PRODUCT = YES;
			};
			name = Release;
		};
		602EB0D1205AE41400AA1DB3 /* Debug */ = {
			isa = XCBuildConfiguration;
			buildSettings = {
				ASSETCATALOG_COMPILER_APPICON_NAME = AppIcon;
				CODE_SIGN_STYLE = Automatic;
				DEVELOPMENT_TEAM = 38G2QQYYFD;
				INFOPLIST_FILE = ARKeep/Info.plist;
				IPHONEOS_DEPLOYMENT_TARGET = 11.0;
				LD_RUNPATH_SEARCH_PATHS = (
					"$(inherited)",
					"@executable_path/Frameworks",
				);
				PRODUCT_BUNDLE_IDENTIFIER = com.ShopKeep.ARKeep;
				PRODUCT_NAME = "$(TARGET_NAME)";
				SWIFT_VERSION = 4.0;
				TARGETED_DEVICE_FAMILY = "1,2";
			};
			name = Debug;
		};
		602EB0D2205AE41400AA1DB3 /* Release */ = {
			isa = XCBuildConfiguration;
			buildSettings = {
				ASSETCATALOG_COMPILER_APPICON_NAME = AppIcon;
				CODE_SIGN_STYLE = Automatic;
				DEVELOPMENT_TEAM = 38G2QQYYFD;
				INFOPLIST_FILE = ARKeep/Info.plist;
				IPHONEOS_DEPLOYMENT_TARGET = 11.0;
				LD_RUNPATH_SEARCH_PATHS = (
					"$(inherited)",
					"@executable_path/Frameworks",
				);
				PRODUCT_BUNDLE_IDENTIFIER = com.ShopKeep.ARKeep;
				PRODUCT_NAME = "$(TARGET_NAME)";
				SWIFT_VERSION = 4.0;
				TARGETED_DEVICE_FAMILY = "1,2";
			};
			name = Release;
		};
		602EB0D4205AE41400AA1DB3 /* Debug */ = {
			isa = XCBuildConfiguration;
			buildSettings = {
				ALWAYS_EMBED_SWIFT_STANDARD_LIBRARIES = YES;
				BUNDLE_LOADER = "$(TEST_HOST)";
				CODE_SIGN_STYLE = Automatic;
				DEVELOPMENT_TEAM = S63H2E63G5;
				INFOPLIST_FILE = ARKeepTests/Info.plist;
				LD_RUNPATH_SEARCH_PATHS = (
					"$(inherited)",
					"@executable_path/Frameworks",
					"@loader_path/Frameworks",
				);
				PRODUCT_BUNDLE_IDENTIFIER = com.ShopKeep.ARKeepTests;
				PRODUCT_NAME = "$(TARGET_NAME)";
				SWIFT_VERSION = 4.0;
				TARGETED_DEVICE_FAMILY = "1,2";
				TEST_HOST = "$(BUILT_PRODUCTS_DIR)/ARKeep.app/ARKeep";
			};
			name = Debug;
		};
		602EB0D5205AE41400AA1DB3 /* Release */ = {
			isa = XCBuildConfiguration;
			buildSettings = {
				ALWAYS_EMBED_SWIFT_STANDARD_LIBRARIES = YES;
				BUNDLE_LOADER = "$(TEST_HOST)";
				CODE_SIGN_STYLE = Automatic;
				DEVELOPMENT_TEAM = S63H2E63G5;
				INFOPLIST_FILE = ARKeepTests/Info.plist;
				LD_RUNPATH_SEARCH_PATHS = (
					"$(inherited)",
					"@executable_path/Frameworks",
					"@loader_path/Frameworks",
				);
				PRODUCT_BUNDLE_IDENTIFIER = com.ShopKeep.ARKeepTests;
				PRODUCT_NAME = "$(TARGET_NAME)";
				SWIFT_VERSION = 4.0;
				TARGETED_DEVICE_FAMILY = "1,2";
				TEST_HOST = "$(BUILT_PRODUCTS_DIR)/ARKeep.app/ARKeep";
			};
			name = Release;
		};
		602EB0D7205AE41400AA1DB3 /* Debug */ = {
			isa = XCBuildConfiguration;
			buildSettings = {
				ALWAYS_EMBED_SWIFT_STANDARD_LIBRARIES = YES;
				CODE_SIGN_STYLE = Automatic;
				DEVELOPMENT_TEAM = S63H2E63G5;
				INFOPLIST_FILE = ARKeepUITests/Info.plist;
				LD_RUNPATH_SEARCH_PATHS = (
					"$(inherited)",
					"@executable_path/Frameworks",
					"@loader_path/Frameworks",
				);
				PRODUCT_BUNDLE_IDENTIFIER = com.ShopKeep.ARKeepUITests;
				PRODUCT_NAME = "$(TARGET_NAME)";
				SWIFT_VERSION = 4.0;
				TARGETED_DEVICE_FAMILY = "1,2";
				TEST_TARGET_NAME = ARKeep;
			};
			name = Debug;
		};
		602EB0D8205AE41400AA1DB3 /* Release */ = {
			isa = XCBuildConfiguration;
			buildSettings = {
				ALWAYS_EMBED_SWIFT_STANDARD_LIBRARIES = YES;
				CODE_SIGN_STYLE = Automatic;
				DEVELOPMENT_TEAM = S63H2E63G5;
				INFOPLIST_FILE = ARKeepUITests/Info.plist;
				LD_RUNPATH_SEARCH_PATHS = (
					"$(inherited)",
					"@executable_path/Frameworks",
					"@loader_path/Frameworks",
				);
				PRODUCT_BUNDLE_IDENTIFIER = com.ShopKeep.ARKeepUITests;
				PRODUCT_NAME = "$(TARGET_NAME)";
				SWIFT_VERSION = 4.0;
				TARGETED_DEVICE_FAMILY = "1,2";
				TEST_TARGET_NAME = ARKeep;
			};
			name = Release;
		};
/* End XCBuildConfiguration section */

/* Begin XCConfigurationList section */
		602EB0A1205AE41200AA1DB3 /* Build configuration list for PBXProject "ARKeep" */ = {
			isa = XCConfigurationList;
			buildConfigurations = (
				602EB0CE205AE41400AA1DB3 /* Debug */,
				602EB0CF205AE41400AA1DB3 /* Release */,
			);
			defaultConfigurationIsVisible = 0;
			defaultConfigurationName = Release;
		};
		602EB0D0205AE41400AA1DB3 /* Build configuration list for PBXNativeTarget "ARKeep" */ = {
			isa = XCConfigurationList;
			buildConfigurations = (
				602EB0D1205AE41400AA1DB3 /* Debug */,
				602EB0D2205AE41400AA1DB3 /* Release */,
			);
			defaultConfigurationIsVisible = 0;
			defaultConfigurationName = Release;
		};
		602EB0D3205AE41400AA1DB3 /* Build configuration list for PBXNativeTarget "ARKeepTests" */ = {
			isa = XCConfigurationList;
			buildConfigurations = (
				602EB0D4205AE41400AA1DB3 /* Debug */,
				602EB0D5205AE41400AA1DB3 /* Release */,
			);
			defaultConfigurationIsVisible = 0;
			defaultConfigurationName = Release;
		};
		602EB0D6205AE41400AA1DB3 /* Build configuration list for PBXNativeTarget "ARKeepUITests" */ = {
			isa = XCConfigurationList;
			buildConfigurations = (
				602EB0D7205AE41400AA1DB3 /* Debug */,
				602EB0D8205AE41400AA1DB3 /* Release */,
			);
			defaultConfigurationIsVisible = 0;
			defaultConfigurationName = Release;
		};
/* End XCConfigurationList section */
	};
	rootObject = 602EB09E205AE41200AA1DB3 /* Project object */;
}
